Microsoft Visual Studio Solution File, Format Version 11.00
# Visual Studio 2008

Project("{6F3F61A2-237A-DECA-5602-FE4E3FB41EAA}") = "Pong but with Explosions", "Assembly-CSharp-firstpass.csproj", "{5AFD8FFA-AD3F-1CAF-DA3E-73D6A5AFDD7A}"
EndProject
Project("{6F3F61A2-237A-DECA-5602-FE4E3FB41EAA}") = "Pong but with Explosions", "Assembly-CSharp.csproj", "{F5D28F70-C802-EA80-762B-2EAA181943F8}"
EndProject
Project("{6F3F61A2-237A-DECA-5602-FE4E3FB41EAA}") = "Pong but with Explosions", "Assembly-CSharp-Editor-firstpass.csproj", "{AC8C85FC-02D8-38BC-86AE-854061ADC599}"
EndProject
Global
	GlobalSection(SolutionConfigurationPlatforms) = preSolution
		Debug|Any CPU = Debug|Any CPU
		Release|Any CPU = Release|Any CPU
	EndGlobalSection
	GlobalSection(ProjectConfigurationPlatforms) = postSolution
		{5AFD8FFA-AD3F-1CAF-DA3E-73D6A5AFDD7A}.Debug|Any CPU.ActiveCfg = Debug|Any CPU
		{5AFD8FFA-AD3F-1CAF-DA3E-73D6A5AFDD7A}.Debug|Any CPU.Build.0 = Debug|Any CPU
		{5AFD8FFA-AD3F-1CAF-DA3E-73D6A5AFDD7A}.Release|Any CPU.ActiveCfg = Release|Any CPU
		{5AFD8FFA-AD3F-1CAF-DA3E-73D6A5AFDD7A}.Release|Any CPU.Build.0 = Release|Any CPU
		{F5D28F70-C802-EA80-762B-2EAA181943F8}.Debug|Any CPU.ActiveCfg = Debug|Any CPU
		{F5D28F70-C802-EA80-762B-2EAA181943F8}.Debug|Any CPU.Build.0 = Debug|Any CPU
		{F5D28F70-C802-EA80-762B-2EAA181943F8}.Release|Any CPU.ActiveCfg = Release|Any CPU
		{F5D28F70-C802-EA80-762B-2EAA181943F8}.Release|Any CPU.Build.0 = Release|Any CPU
		{AC8C85FC-02D8-38BC-86AE-854061ADC599}.Debug|Any CPU.ActiveCfg = Debug|Any CPU
		{AC8C85FC-02D8-38BC-86AE-854061ADC599}.Debug|Any CPU.Build.0 = Debug|Any CPU
		{AC8C85FC-02D8-38BC-86AE-854061ADC599}.Release|Any CPU.ActiveCfg = Release|Any CPU
		{AC8C85FC-02D8-38BC-86AE-854061ADC599}.Release|Any CPU.Build.0 = Release|Any CPU
	EndGlobalSection
	GlobalSection(SolutionProperties) = preSolution
		HideSolutionNode = FALSE
	EndGlobalSection
	GlobalSection(MonoDevelopProperties) = preSolution
		StartupItem = Assembly-CSharp.csproj
	EndGlobalSection
EndGlobal
